{
  "name": "@tsch/root",
  "lockfileVersion": 3,
  "requires": true,
  "packages": {
    "": {
      "name": "@tsch/root",
      "workspaces": [
        "packages/cdk"
      ]
    },
    "node_modules/@tsch/cdk": {
      "resolved": "packages/cdk",
      "link": true
    },
    "packages/cdk": {
      "version": "1.0.0",
      "license": "ISC"
    }
  }
}
